schema: '2.0'
stages:
  fetch_raw:
    cmd: python -m src.data.download_galaxy_zoo
    deps:
    - path: config.yaml
      hash: md5
      md5: 917302f509432073bc8fec1d248f5b1b
      size: 4345
      isexec: true
    - path: src/common/artifact_store.py
      hash: md5
      md5: 45ba8b59e4598e5efc16304c76a52b16
      size: 7286
      isexec: true
    - path: src/common/config.py
      hash: md5
      md5: b0ad2e00f19294f23d09294ffab7ee5c
      size: 1443
      isexec: true
    - path: src/common/io_utils.py
      hash: md5
      md5: 781bfebeed8ab86ac09994432c930b0d
      size: 1400
      isexec: true
    - path: src/common/postgres.py
      hash: md5
      md5: 86ccb5134faf6085483a8e2e3d147fd5
      size: 13241
      isexec: true
    - path: src/data/download_galaxy_zoo.py
      hash: md5
      md5: 91f0f5553a9c2cd9cda67c1077a027c8
      size: 18413
      isexec: true
    outs:
    - path: data/raw/galaxy_dataset
      hash: md5
      md5: ec12dcf6154a79919de0a75b3cec06b9.dir
      size: 10645572
      nfiles: 750
  preprocess_v1:
    cmd: python -m src.data.preprocess_v1
    deps:
    - path: config.yaml
      hash: md5
      md5: 917302f509432073bc8fec1d248f5b1b
      size: 4345
      isexec: true
    - path: data/raw/galaxy_dataset
      hash: md5
      md5: ec12dcf6154a79919de0a75b3cec06b9.dir
      size: 10645572
      nfiles: 750
    - path: src/common/artifact_store.py
      hash: md5
      md5: 45ba8b59e4598e5efc16304c76a52b16
      size: 7286
      isexec: true
    - path: src/common/config.py
      hash: md5
      md5: b0ad2e00f19294f23d09294ffab7ee5c
      size: 1443
      isexec: true
    - path: src/common/io_utils.py
      hash: md5
      md5: 781bfebeed8ab86ac09994432c930b0d
      size: 1400
      isexec: true
    - path: src/common/postgres.py
      hash: md5
      md5: 86ccb5134faf6085483a8e2e3d147fd5
      size: 13241
      isexec: true
    - path: src/data/preprocess_v1.py
      hash: md5
      md5: 0a0904343a00a81db1de9045452a5901
      size: 2666
      isexec: true
    - path: src/data/validate.py
      hash: md5
      md5: ba19aaff111046a4e68396a4abf5509c
      size: 2184
      isexec: true
    outs:
    - path: data/processed/v1
      hash: md5
      md5: 0305d1b001bec3032f932469a14da6b7.dir
      size: 11970890
      nfiles: 750
  preprocess_final:
    cmd: python -m src.data.preprocess_final
    deps:
    - path: config.yaml
      hash: md5
      md5: 917302f509432073bc8fec1d248f5b1b
      size: 4345
      isexec: true
    - path: data/processed/v1
      hash: md5
      md5: 0305d1b001bec3032f932469a14da6b7.dir
      size: 11970890
      nfiles: 750
    - path: src/common/artifact_store.py
      hash: md5
      md5: 45ba8b59e4598e5efc16304c76a52b16
      size: 7286
      isexec: true
    - path: src/common/config.py
      hash: md5
      md5: b0ad2e00f19294f23d09294ffab7ee5c
      size: 1443
      isexec: true
    - path: src/common/io_utils.py
      hash: md5
      md5: 781bfebeed8ab86ac09994432c930b0d
      size: 1400
      isexec: true
    - path: src/common/postgres.py
      hash: md5
      md5: 86ccb5134faf6085483a8e2e3d147fd5
      size: 13241
      isexec: true
    - path: src/data/preprocess_final.py
      hash: md5
      md5: cf8fe4f8c8d60d34e07d6646c7f55539
      size: 4905
      isexec: true
    - path: src/data/validate.py
      hash: md5
      md5: ba19aaff111046a4e68396a4abf5509c
      size: 2184
      isexec: true
    - path: src/features/baseline.py
      hash: md5
      md5: 75740078db8f0a6092683f90773ba997
      size: 1532
      isexec: true
    outs:
    - path: artifacts/data_manifest.csv
      hash: md5
      md5: cf69469ffd0c5fb501256cd183870abf
      size: 106414
    - path: artifacts/drift_baseline.json
      hash: md5
      md5: 11ee6f523a98003d1688998b4cfaebed
      size: 140
    - path: data/processed/final
      hash: md5
      md5: 7e6d0e597c7bd33b9a2712cc0788971b.dir
      size: 11970890
      nfiles: 750
  train:
    cmd: python -m src.training.train
    deps:
    - path: artifacts/feedback_training_manifest.csv
      hash: md5
      md5: f958d794970e1e7b5fa72fa530a9e817
      size: 4211
      isexec: true
    - path: config.yaml
      hash: md5
      md5: 917302f509432073bc8fec1d248f5b1b
      size: 4345
      isexec: true
    - path: data/feedback/training_feedback
      hash: md5
      md5: 1e1f48962276711535e0d54948c465a6.dir
      size: 340659
      nfiles: 21
    - path: data/processed/final
      hash: md5
      md5: 7e6d0e597c7bd33b9a2712cc0788971b.dir
      size: 11970890
      nfiles: 750
    - path: src/common/artifact_store.py
      hash: md5
      md5: 45ba8b59e4598e5efc16304c76a52b16
      size: 7286
      isexec: true
    - path: src/common/config.py
      hash: md5
      md5: b0ad2e00f19294f23d09294ffab7ee5c
      size: 1443
      isexec: true
    - path: src/common/io_utils.py
      hash: md5
      md5: 781bfebeed8ab86ac09994432c930b0d
      size: 1400
      isexec: true
    - path: src/common/postgres.py
      hash: md5
      md5: 86ccb5134faf6085483a8e2e3d147fd5
      size: 13241
      isexec: true
    - path: src/training/model_def.py
      hash: md5
      md5: d6bebda85540b64186520f00e87c7a41
      size: 531
      isexec: true
    - path: src/training/train.py
      hash: md5
      md5: 0e34f887631de585b95800d867c65633
      size: 16175
      isexec: true
    outs:
    - path: artifacts/confusion_matrix.csv
      hash: md5
      md5: fc614e5f1a509f12e3cab9b282445af4
      size: 146
    - path: models/latest
      hash: md5
      md5: 9653d54fdb0df19730803afa74398924.dir
      size: 44801461
      nfiles: 7
  evaluate:
    cmd: python -m src.training.evaluate
    deps:
    - path: config.yaml
      hash: md5
      md5: 917302f509432073bc8fec1d248f5b1b
      size: 4345
      isexec: true
    - path: data/processed/final/test
      hash: md5
      md5: df807ad27dd7048c2f6a4fcdd85a5793.dir
      size: 1828698
      nfiles: 115
    - path: models/latest
      hash: md5
      md5: 9653d54fdb0df19730803afa74398924.dir
      size: 44801461
      nfiles: 7
    - path: src/common/artifact_store.py
      hash: md5
      md5: 45ba8b59e4598e5efc16304c76a52b16
      size: 7286
      isexec: true
    - path: src/common/config.py
      hash: md5
      md5: b0ad2e00f19294f23d09294ffab7ee5c
      size: 1443
      isexec: true
    - path: src/common/io_utils.py
      hash: md5
      md5: 781bfebeed8ab86ac09994432c930b0d
      size: 1400
      isexec: true
    - path: src/common/postgres.py
      hash: md5
      md5: 86ccb5134faf6085483a8e2e3d147fd5
      size: 13241
      isexec: true
    - path: src/training/evaluate.py
      hash: md5
      md5: 4521f9a9ec48f6904eae2d97a0100173
      size: 7648
      isexec: true
  report:
    cmd: python -m src.reporting.generate_report
    deps:
    - path: config.yaml
      hash: md5
      md5: 917302f509432073bc8fec1d248f5b1b
      size: 4345
      isexec: true
    - path: models/latest
      hash: md5
      md5: 9653d54fdb0df19730803afa74398924.dir
      size: 44801461
      nfiles: 7
    - path: src/common/artifact_store.py
      hash: md5
      md5: 45ba8b59e4598e5efc16304c76a52b16
      size: 7286
      isexec: true
    - path: src/common/config.py
      hash: md5
      md5: b0ad2e00f19294f23d09294ffab7ee5c
      size: 1443
      isexec: true
    - path: src/common/postgres.py
      hash: md5
      md5: 86ccb5134faf6085483a8e2e3d147fd5
      size: 13241
      isexec: true
    - path: src/reporting/generate_report.py
      hash: md5
      md5: 2a92ab86873b5d5a10491338d5d01558
      size: 7384
      isexec: true
    - path: src/training/evaluate.py
      hash: md5
      md5: 4521f9a9ec48f6904eae2d97a0100173
      size: 7648
      isexec: true
    outs:
    - path: artifacts/reports/latest_report.html
      hash: md5
      md5: 841b0f5ad2c5ebb037dfce624bd6c686
      size: 1422
    - path: artifacts/reports/latest_report.md
      hash: md5
      md5: d7c1ebfa4b0e5a3e28cb2d6bef6e34c3
      size: 1779
