schema: '2.0'
stages:
  fetch_raw:
    cmd: /opt/venvs/training/bin/python -m src.data.download_galaxy_zoo
    deps:
    - path: config.yaml
      hash: md5
      md5: c3475acaab23b777f9c82eb96c43cffc
      size: 4320
      isexec: true
    - path: src/common/artifact_store.py
      hash: md5
      md5: a16f131917597ac3fff0112aae0c06e1
      size: 6926
      isexec: true
    - path: src/common/config.py
      hash: md5
      md5: 80cb1ba6c5ab567774513780b6f7a8a7
      size: 1424
      isexec: true
    - path: src/common/io_utils.py
      hash: md5
      md5: 6d09d23cf690b11edbb2d5d8ea32abf0
      size: 1359
      isexec: true
    - path: src/common/postgres.py
      hash: md5
      md5: c0876e9fc2f9e01bb773ac66942018c9
      size: 13142
      isexec: true
    - path: src/data/download_galaxy_zoo.py
      hash: md5
      md5: 18f78620fc999ebd754843296526148a
      size: 17786
      isexec: true
    outs:
    - path: data/raw/galaxy_dataset
      hash: md5
      md5: 4364d8a0743a507c6cc534bc0ea87240.dir
      size: 7110883
      nfiles: 500
  preprocess_v1:
    cmd: /opt/venvs/training/bin/python -m src.data.preprocess_v1
    deps:
    - path: config.yaml
      hash: md5
      md5: c3475acaab23b777f9c82eb96c43cffc
      size: 4320
      isexec: true
    - path: data/raw/galaxy_dataset
      hash: md5
      md5: 4364d8a0743a507c6cc534bc0ea87240.dir
      size: 7110883
      nfiles: 500
    - path: src/common/artifact_store.py
      hash: md5
      md5: a16f131917597ac3fff0112aae0c06e1
      size: 6926
      isexec: true
    - path: src/common/config.py
      hash: md5
      md5: 80cb1ba6c5ab567774513780b6f7a8a7
      size: 1424
      isexec: true
    - path: src/common/io_utils.py
      hash: md5
      md5: 6d09d23cf690b11edbb2d5d8ea32abf0
      size: 1359
      isexec: true
    - path: src/common/postgres.py
      hash: md5
      md5: c0876e9fc2f9e01bb773ac66942018c9
      size: 13142
      isexec: true
    - path: src/data/preprocess_v1.py
      hash: md5
      md5: 2190a1c6d642bff7563e6b471a80b834
      size: 2609
      isexec: true
    - path: src/data/validate.py
      hash: md5
      md5: fc9cebeac29c56b2eb59777d6c986fbb
      size: 2099
      isexec: true
    outs:
    - path: data/processed/v1
      hash: md5
      md5: 9ed6634f531c736bdb0e412d69397a17.dir
      size: 7986917
      nfiles: 500
  preprocess_final:
    cmd: /opt/venvs/training/bin/python -m src.data.preprocess_final
    deps:
    - path: config.yaml
      hash: md5
      md5: c3475acaab23b777f9c82eb96c43cffc
      size: 4320
      isexec: true
    - path: data/processed/v1
      hash: md5
      md5: 9ed6634f531c736bdb0e412d69397a17.dir
      size: 7986917
      nfiles: 500
    - path: src/common/artifact_store.py
      hash: md5
      md5: a16f131917597ac3fff0112aae0c06e1
      size: 6926
      isexec: true
    - path: src/common/config.py
      hash: md5
      md5: 80cb1ba6c5ab567774513780b6f7a8a7
      size: 1424
      isexec: true
    - path: src/common/io_utils.py
      hash: md5
      md5: 6d09d23cf690b11edbb2d5d8ea32abf0
      size: 1359
      isexec: true
    - path: src/common/postgres.py
      hash: md5
      md5: c0876e9fc2f9e01bb773ac66942018c9
      size: 13142
      isexec: true
    - path: src/data/preprocess_final.py
      hash: md5
      md5: 9ff199eff5b67ff45deb9ecbdaf8f519
      size: 4678
      isexec: true
    - path: src/data/validate.py
      hash: md5
      md5: fc9cebeac29c56b2eb59777d6c986fbb
      size: 2099
      isexec: true
    - path: src/features/baseline.py
      hash: md5
      md5: 695c3d0311ffe2630547b58bef0a3dbf
      size: 1508
      isexec: true
    outs:
    - path: artifacts/data_manifest.csv
      hash: md5
      md5: 31d31410d8fe745747ad49ef03ce3df1
      size: 70944
    - path: artifacts/drift_baseline.json
      hash: md5
      md5: d6f7083f987979f475f6fdc5ec6cad95
      size: 141
    - path: data/processed/final
      hash: md5
      md5: 3e950ae2fd812188e9f3a885e1ec3c2c.dir
      size: 7986917
      nfiles: 500
  train:
    cmd: /opt/venvs/training/bin/python -m src.training.train
    deps:
    - path: artifacts/feedback_training_manifest.csv
      hash: md5
      md5: f958d794970e1e7b5fa72fa530a9e817
      size: 4211
      isexec: true
    - path: config.yaml
      hash: md5
      md5: c3475acaab23b777f9c82eb96c43cffc
      size: 4320
      isexec: true
    - path: data/feedback/training_feedback
      hash: md5
      md5: 1e1f48962276711535e0d54948c465a6.dir
      size: 340659
      nfiles: 21
    - path: data/processed/final
      hash: md5
      md5: 3e950ae2fd812188e9f3a885e1ec3c2c.dir
      size: 7986917
      nfiles: 500
    - path: src/common/artifact_store.py
      hash: md5
      md5: a16f131917597ac3fff0112aae0c06e1
      size: 6926
      isexec: true
    - path: src/common/config.py
      hash: md5
      md5: 80cb1ba6c5ab567774513780b6f7a8a7
      size: 1424
      isexec: true
    - path: src/common/io_utils.py
      hash: md5
      md5: 6d09d23cf690b11edbb2d5d8ea32abf0
      size: 1359
      isexec: true
    - path: src/common/postgres.py
      hash: md5
      md5: c0876e9fc2f9e01bb773ac66942018c9
      size: 13142
      isexec: true
    - path: src/training/model_def.py
      hash: md5
      md5: fe6b4b8a7c330ddad123f2b1e394323d
      size: 531
      isexec: true
    - path: src/training/train.py
      hash: md5
      md5: f4e638eeadc207f6bccdfc64bc6ed2c2
      size: 13919
      isexec: true
    outs:
    - path: artifacts/confusion_matrix.csv
      hash: md5
      md5: 51fe5fb8b60d5a4aae8e338b6fa830c4
      size: 145
    - path: models/latest
      hash: md5
      md5: 5f32e61812e6056e25b84edd93571105.dir
      size: 44801461
      nfiles: 7
  evaluate:
    cmd: /opt/venvs/training/bin/python -m src.training.evaluate
    deps:
    - path: config.yaml
      hash: md5
      md5: 574d6837b8a9aea2e6a2bb75149886cb
      size: 4084
      isexec: true
    - path: data/processed/final/test
      hash: md5
      md5: f2c9c87afd3271032be6fa76de27381e.dir
      size: 6052169
      nfiles: 375
    - path: models/latest
      hash: md5
      md5: ad5e18eff84993c35e1b3a0d5f537643.dir
      size: 44801461
      nfiles: 7
    - path: src/common/config.py
      hash: md5
      md5: 80cb1ba6c5ab567774513780b6f7a8a7
      size: 1424
      isexec: true
    - path: src/common/io_utils.py
      hash: md5
      md5: 6d09d23cf690b11edbb2d5d8ea32abf0
      size: 1359
      isexec: true
    - path: src/training/evaluate.py
      hash: md5
      md5: 013eb9af8b42f7f7a127820ea342c105
      size: 4862
      isexec: true
    outs:
    - path: artifacts/live_metrics.json
      hash: md5
      md5: 0d89e94f8dd688aadae67dd82f1becde
      size: 64
    - path: artifacts/test_metrics.json
      hash: md5
      md5: 56b52320027ce83b48302c04ab3e45bb
      size: 319
  report:
    cmd: /opt/venvs/training/bin/python -m src.reporting.generate_report
    deps:
    - path: config.yaml
      hash: md5
      md5: c3475acaab23b777f9c82eb96c43cffc
      size: 4320
      isexec: true
    - path: models/latest
      hash: md5
      md5: 5f32e61812e6056e25b84edd93571105.dir
      size: 44801461
      nfiles: 7
    - path: src/common/artifact_store.py
      hash: md5
      md5: a16f131917597ac3fff0112aae0c06e1
      size: 6926
      isexec: true
    - path: src/common/config.py
      hash: md5
      md5: 80cb1ba6c5ab567774513780b6f7a8a7
      size: 1424
      isexec: true
    - path: src/common/postgres.py
      hash: md5
      md5: c0876e9fc2f9e01bb773ac66942018c9
      size: 13142
      isexec: true
    - path: src/reporting/generate_report.py
      hash: md5
      md5: 24c5101e828e92b93043063b419a410b
      size: 7300
      isexec: true
    - path: src/training/evaluate.py
      hash: md5
      md5: 4e131e7ca745296843ee4f2446f4c659
      size: 6248
      isexec: true
    outs:
    - path: artifacts/reports/latest_report.html
      hash: md5
      md5: 95e771bf3962d1ddb895f72fd663e8d5
      size: 1416
    - path: artifacts/reports/latest_report.md
      hash: md5
      md5: f80c80933d68f568f111d63ca6c241db
      size: 1752
